// !$*UTF8*$!
{
	archiveVersion = 1;
	classes = {
	};
	objectVersion = 46;
	objects = {

/* Begin PBXBuildFile section */
		BDF7020115A470F800C5ED4F /* main.cpp in Sources */ = {isa = PBXBuildFile; fileRef = BDF7020015A470F800C5ED4F /* main.cpp */; };
		BDF7020315A470F800C5ED4F /* OpenGoLf.1 in CopyFiles */ = {isa = PBXBuildFile; fileRef = BDF7020215A470F800C5ED4F /* OpenGoLf.1 */; };
		BDF7020A15A4710600C5ED4F /* OpenGL.framework in Frameworks */ = {isa = PBXBuildFile; fileRef = BDF7020915A4710600C5ED4F /* OpenGL.framework */; };
		BDF7020C15A4710D00C5ED4F /* GLUT.framework in Frameworks */ = {isa = PBXBuildFile; fileRef = BDF7020B15A4710D00C5ED4F /* GLUT.framework */; };
		FC35FB0A15ADAD9E0038799D /* OGBall.cpp in Sources */ = {isa = PBXBuildFile; fileRef = FC35FAF915ADAD9E0038799D /* OGBall.cpp */; };
		FC35FB0B15ADAD9E0038799D /* OGLevel.cpp in Sources */ = {isa = PBXBuildFile; fileRef = FC35FAFD15ADAD9E0038799D /* OGLevel.cpp */; };
		FC35FB0C15ADAD9E0038799D /* OGLight.cpp in Sources */ = {isa = PBXBuildFile; fileRef = FC35FAFF15ADAD9E0038799D /* OGLight.cpp */; };
		FC35FB0D15ADAD9E0038799D /* OGPov.cpp in Sources */ = {isa = PBXBuildFile; fileRef = FC35FB0315ADAD9E0038799D /* OGPov.cpp */; };
		FC35FB0E15ADAD9E0038799D /* OGProjection.cpp in Sources */ = {isa = PBXBuildFile; fileRef = FC35FB0515ADAD9E0038799D /* OGProjection.cpp */; };
		FC35FB0F15ADAD9E0038799D /* OGTerrain.cpp in Sources */ = {isa = PBXBuildFile; fileRef = FC35FB0815ADAD9E0038799D /* OGTerrain.cpp */; };
		FC35FB1B15ADBFC40038799D /* OGPhysic.cpp in Sources */ = {isa = PBXBuildFile; fileRef = FC35FB1A15ADBFC40038799D /* OGPhysic.cpp */; };
		FC42DA0715AF1799006954EF /* lib3ds_atmosphere.c in Sources */ = {isa = PBXBuildFile; fileRef = FC42D9F115AF1799006954EF /* lib3ds_atmosphere.c */; };
		FC42DA0815AF1799006954EF /* lib3ds_background.c in Sources */ = {isa = PBXBuildFile; fileRef = FC42D9F215AF1799006954EF /* lib3ds_background.c */; };
		FC42DA0915AF1799006954EF /* lib3ds_camera.c in Sources */ = {isa = PBXBuildFile; fileRef = FC42D9F315AF1799006954EF /* lib3ds_camera.c */; };
		FC42DA0A15AF1799006954EF /* lib3ds_chunk.c in Sources */ = {isa = PBXBuildFile; fileRef = FC42D9F415AF1799006954EF /* lib3ds_chunk.c */; };
		FC42DA0B15AF1799006954EF /* lib3ds_chunktable.c in Sources */ = {isa = PBXBuildFile; fileRef = FC42D9F515AF1799006954EF /* lib3ds_chunktable.c */; };
		FC42DA0C15AF1799006954EF /* lib3ds_file.c in Sources */ = {isa = PBXBuildFile; fileRef = FC42D9F615AF1799006954EF /* lib3ds_file.c */; };
		FC42DA0D15AF1799006954EF /* lib3ds_io.c in Sources */ = {isa = PBXBuildFile; fileRef = FC42D9F815AF1799006954EF /* lib3ds_io.c */; };
		FC42DA0E15AF1799006954EF /* lib3ds_light.c in Sources */ = {isa = PBXBuildFile; fileRef = FC42D9F915AF1799006954EF /* lib3ds_light.c */; };
		FC42DA0F15AF1799006954EF /* lib3ds_material.c in Sources */ = {isa = PBXBuildFile; fileRef = FC42D9FA15AF1799006954EF /* lib3ds_material.c */; };
		FC42DA1015AF1799006954EF /* lib3ds_math.c in Sources */ = {isa = PBXBuildFile; fileRef = FC42D9FB15AF1799006954EF /* lib3ds_math.c */; };
		FC42DA1115AF1799006954EF /* lib3ds_matrix.c in Sources */ = {isa = PBXBuildFile; fileRef = FC42D9FC15AF1799006954EF /* lib3ds_matrix.c */; };
		FC42DA1215AF1799006954EF /* lib3ds_mesh.c in Sources */ = {isa = PBXBuildFile; fileRef = FC42D9FD15AF1799006954EF /* lib3ds_mesh.c */; };
		FC42DA1315AF1799006954EF /* lib3ds_node.c in Sources */ = {isa = PBXBuildFile; fileRef = FC42D9FE15AF1799006954EF /* lib3ds_node.c */; };
		FC42DA1415AF1799006954EF /* lib3ds_quat.c in Sources */ = {isa = PBXBuildFile; fileRef = FC42D9FF15AF1799006954EF /* lib3ds_quat.c */; };
		FC42DA1515AF1799006954EF /* lib3ds_shadow.c in Sources */ = {isa = PBXBuildFile; fileRef = FC42DA0015AF1799006954EF /* lib3ds_shadow.c */; };
		FC42DA1615AF1799006954EF /* lib3ds_track.c in Sources */ = {isa = PBXBuildFile; fileRef = FC42DA0115AF1799006954EF /* lib3ds_track.c */; };
		FC42DA1715AF1799006954EF /* lib3ds_util.c in Sources */ = {isa = PBXBuildFile; fileRef = FC42DA0215AF1799006954EF /* lib3ds_util.c */; };
		FC42DA1815AF1799006954EF /* lib3ds_vector.c in Sources */ = {isa = PBXBuildFile; fileRef = FC42DA0315AF1799006954EF /* lib3ds_vector.c */; };
		FC42DA1915AF1799006954EF /* lib3ds_viewport.c in Sources */ = {isa = PBXBuildFile; fileRef = FC42DA0415AF1799006954EF /* lib3ds_viewport.c */; };
		FCE7ABD315AF15970057CB87 /* OGModel3DS.cpp in Sources */ = {isa = PBXBuildFile; fileRef = FCE7ABD215AF15970057CB87 /* OGModel3DS.cpp */; };
/* End PBXBuildFile section */

/* Begin PBXCopyFilesBuildPhase section */
		BDF701FA15A470F800C5ED4F /* CopyFiles */ = {
			isa = PBXCopyFilesBuildPhase;
			buildActionMask = 2147483647;
			dstPath = /usr/share/man/man1/;
			dstSubfolderSpec = 0;
			files = (
				BDF7020315A470F800C5ED4F /* OpenGoLf.1 in CopyFiles */,
			);
			runOnlyForDeploymentPostprocessing = 1;
		};
/* End PBXCopyFilesBuildPhase section */

/* Begin PBXFileReference section */
		BDF701FC15A470F800C5ED4F /* OpenGoLf */ = {isa = PBXFileReference; explicitFileType = "compiled.mach-o.executable"; includeInIndex = 0; path = OpenGoLf; sourceTree = BUILT_PRODUCTS_DIR; };
		BDF7020015A470F800C5ED4F /* main.cpp */ = {isa = PBXFileReference; lastKnownFileType = sourcecode.cpp.cpp; path = main.cpp; sourceTree = "<group>"; };
		BDF7020215A470F800C5ED4F /* OpenGoLf.1 */ = {isa = PBXFileReference; lastKnownFileType = text.man; path = OpenGoLf.1; sourceTree = "<group>"; };
		BDF7020915A4710600C5ED4F /* OpenGL.framework */ = {isa = PBXFileReference; lastKnownFileType = wrapper.framework; name = OpenGL.framework; path = System/Library/Frameworks/OpenGL.framework; sourceTree = SDKROOT; };
		BDF7020B15A4710D00C5ED4F /* GLUT.framework */ = {isa = PBXFileReference; lastKnownFileType = wrapper.framework; name = GLUT.framework; path = System/Library/Frameworks/GLUT.framework; sourceTree = SDKROOT; };
		BDF7021015A471FA00C5ED4F /* Vector3d.h */ = {isa = PBXFileReference; fileEncoding = 4; lastKnownFileType = sourcecode.c.h; path = Vector3d.h; sourceTree = "<group>"; };
		FC35FAF815ADAD9E0038799D /* OGAmbient.h */ = {isa = PBXFileReference; fileEncoding = 4; lastKnownFileType = sourcecode.c.h; path = OGAmbient.h; sourceTree = "<group>"; };
		FC35FAF915ADAD9E0038799D /* OGBall.cpp */ = {isa = PBXFileReference; fileEncoding = 4; lastKnownFileType = sourcecode.cpp.cpp; path = OGBall.cpp; sourceTree = "<group>"; };
		FC35FAFA15ADAD9E0038799D /* OGBall.h */ = {isa = PBXFileReference; fileEncoding = 4; lastKnownFileType = sourcecode.c.h; path = OGBall.h; sourceTree = "<group>"; };
		FC35FAFB15ADAD9E0038799D /* OGClub.h */ = {isa = PBXFileReference; fileEncoding = 4; lastKnownFileType = sourcecode.c.h; path = OGClub.h; sourceTree = "<group>"; };
		FC35FAFC15ADAD9E0038799D /* OGGlobal.h */ = {isa = PBXFileReference; fileEncoding = 4; lastKnownFileType = sourcecode.c.h; path = OGGlobal.h; sourceTree = "<group>"; };
		FC35FAFD15ADAD9E0038799D /* OGLevel.cpp */ = {isa = PBXFileReference; fileEncoding = 4; lastKnownFileType = sourcecode.cpp.cpp; path = OGLevel.cpp; sourceTree = "<group>"; };
		FC35FAFE15ADAD9E0038799D /* OGLevel.h */ = {isa = PBXFileReference; fileEncoding = 4; lastKnownFileType = sourcecode.c.h; path = OGLevel.h; sourceTree = "<group>"; };
		FC35FAFF15ADAD9E0038799D /* OGLight.cpp */ = {isa = PBXFileReference; fileEncoding = 4; lastKnownFileType = sourcecode.cpp.cpp; path = OGLight.cpp; sourceTree = "<group>"; };
		FC35FB0015ADAD9E0038799D /* OGLight.h */ = {isa = PBXFileReference; fileEncoding = 4; lastKnownFileType = sourcecode.c.h; path = OGLight.h; sourceTree = "<group>"; };
		FC35FB0115ADAD9E0038799D /* OGMaterial.h */ = {isa = PBXFileReference; fileEncoding = 4; lastKnownFileType = sourcecode.c.h; path = OGMaterial.h; sourceTree = "<group>"; };
		FC35FB0215ADAD9E0038799D /* OGObject.h */ = {isa = PBXFileReference; fileEncoding = 4; lastKnownFileType = sourcecode.c.h; path = OGObject.h; sourceTree = "<group>"; };
		FC35FB0315ADAD9E0038799D /* OGPov.cpp */ = {isa = PBXFileReference; fileEncoding = 4; lastKnownFileType = sourcecode.cpp.cpp; path = OGPov.cpp; sourceTree = "<group>"; };
		FC35FB0415ADAD9E0038799D /* OGPov.h */ = {isa = PBXFileReference; fileEncoding = 4; lastKnownFileType = sourcecode.c.h; path = OGPov.h; sourceTree = "<group>"; };
		FC35FB0515ADAD9E0038799D /* OGProjection.cpp */ = {isa = PBXFileReference; fileEncoding = 4; lastKnownFileType = sourcecode.cpp.cpp; path = OGProjection.cpp; sourceTree = "<group>"; };
		FC35FB0615ADAD9E0038799D /* OGProjection.h */ = {isa = PBXFileReference; fileEncoding = 4; lastKnownFileType = sourcecode.c.h; path = OGProjection.h; sourceTree = "<group>"; };
		FC35FB0715ADAD9E0038799D /* OGRoom.h */ = {isa = PBXFileReference; fileEncoding = 4; lastKnownFileType = sourcecode.c.h; path = OGRoom.h; sourceTree = "<group>"; };
		FC35FB0815ADAD9E0038799D /* OGTerrain.cpp */ = {isa = PBXFileReference; fileEncoding = 4; lastKnownFileType = sourcecode.cpp.cpp; path = OGTerrain.cpp; sourceTree = "<group>"; };
		FC35FB0915ADAD9E0038799D /* OGTerrain.h */ = {isa = PBXFileReference; fileEncoding = 4; lastKnownFileType = sourcecode.c.h; path = OGTerrain.h; sourceTree = "<group>"; };
		FC35FB1815ADBD930038799D /* OGPhysic.h */ = {isa = PBXFileReference; lastKnownFileType = sourcecode.c.h; path = OGPhysic.h; sourceTree = "<group>"; };
		FC35FB1A15ADBFC40038799D /* OGPhysic.cpp */ = {isa = PBXFileReference; fileEncoding = 4; lastKnownFileType = sourcecode.cpp.cpp; path = OGPhysic.cpp; sourceTree = "<group>"; };
		FC42D9EE15AF1799006954EF /* lib3ds.h */ = {isa = PBXFileReference; fileEncoding = 4; lastKnownFileType = sourcecode.c.h; path = lib3ds.h; sourceTree = "<group>"; };
		FC42D9EF15AF1799006954EF /* lib3ds.rc */ = {isa = PBXFileReference; fileEncoding = 4; lastKnownFileType = text; path = lib3ds.rc; sourceTree = "<group>"; };
		FC42D9F015AF1799006954EF /* lib3ds.vcproj */ = {isa = PBXFileReference; fileEncoding = 4; lastKnownFileType = text.xml; path = lib3ds.vcproj; sourceTree = "<group>"; };
		FC42D9F115AF1799006954EF /* lib3ds_atmosphere.c */ = {isa = PBXFileReference; fileEncoding = 4; lastKnownFileType = sourcecode.c.c; path = lib3ds_atmosphere.c; sourceTree = "<group>"; };
		FC42D9F215AF1799006954EF /* lib3ds_background.c */ = {isa = PBXFileReference; fileEncoding = 4; lastKnownFileType = sourcecode.c.c; path = lib3ds_background.c; sourceTree = "<group>"; };
		FC42D9F315AF1799006954EF /* lib3ds_camera.c */ = {isa = PBXFileReference; fileEncoding = 4; lastKnownFileType = sourcecode.c.c; path = lib3ds_camera.c; sourceTree = "<group>"; };
		FC42D9F415AF1799006954EF /* lib3ds_chunk.c */ = {isa = PBXFileReference; fileEncoding = 4; lastKnownFileType = sourcecode.c.c; path = lib3ds_chunk.c; sourceTree = "<group>"; };
		FC42D9F515AF1799006954EF /* lib3ds_chunktable.c */ = {isa = PBXFileReference; fileEncoding = 4; lastKnownFileType = sourcecode.c.c; path = lib3ds_chunktable.c; sourceTree = "<group>"; };
		FC42D9F615AF1799006954EF /* lib3ds_file.c */ = {isa = PBXFileReference; fileEncoding = 4; lastKnownFileType = sourcecode.c.c; path = lib3ds_file.c; sourceTree = "<group>"; };
		FC42D9F715AF1799006954EF /* lib3ds_impl.h */ = {isa = PBXFileReference; fileEncoding = 4; lastKnownFileType = sourcecode.c.h; path = lib3ds_impl.h; sourceTree = "<group>"; };
		FC42D9F815AF1799006954EF /* lib3ds_io.c */ = {isa = PBXFileReference; fileEncoding = 4; lastKnownFileType = sourcecode.c.c; path = lib3ds_io.c; sourceTree = "<group>"; };
		FC42D9F915AF1799006954EF /* lib3ds_light.c */ = {isa = PBXFileReference; fileEncoding = 4; lastKnownFileType = sourcecode.c.c; path = lib3ds_light.c; sourceTree = "<group>"; };
		FC42D9FA15AF1799006954EF /* lib3ds_material.c */ = {isa = PBXFileReference; fileEncoding = 4; lastKnownFileType = sourcecode.c.c; path = lib3ds_material.c; sourceTree = "<group>"; };
		FC42D9FB15AF1799006954EF /* lib3ds_math.c */ = {isa = PBXFileReference; fileEncoding = 4; lastKnownFileType = sourcecode.c.c; path = lib3ds_math.c; sourceTree = "<group>"; };
		FC42D9FC15AF1799006954EF /* lib3ds_matrix.c */ = {isa = PBXFileReference; fileEncoding = 4; lastKnownFileType = sourcecode.c.c; path = lib3ds_matrix.c; sourceTree = "<group>"; };
		FC42D9FD15AF1799006954EF /* lib3ds_mesh.c */ = {isa = PBXFileReference; fileEncoding = 4; lastKnownFileType = sourcecode.c.c; path = lib3ds_mesh.c; sourceTree = "<group>"; };
		FC42D9FE15AF1799006954EF /* lib3ds_node.c */ = {isa = PBXFileReference; fileEncoding = 4; lastKnownFileType = sourcecode.c.c; path = lib3ds_node.c; sourceTree = "<group>"; };
		FC42D9FF15AF1799006954EF /* lib3ds_quat.c */ = {isa = PBXFileReference; fileEncoding = 4; lastKnownFileType = sourcecode.c.c; path = lib3ds_quat.c; sourceTree = "<group>"; };
		FC42DA0015AF1799006954EF /* lib3ds_shadow.c */ = {isa = PBXFileReference; fileEncoding = 4; lastKnownFileType = sourcecode.c.c; path = lib3ds_shadow.c; sourceTree = "<group>"; };
		FC42DA0115AF1799006954EF /* lib3ds_track.c */ = {isa = PBXFileReference; fileEncoding = 4; lastKnownFileType = sourcecode.c.c; path = lib3ds_track.c; sourceTree = "<group>"; };
		FC42DA0215AF1799006954EF /* lib3ds_util.c */ = {isa = PBXFileReference; fileEncoding = 4; lastKnownFileType = sourcecode.c.c; path = lib3ds_util.c; sourceTree = "<group>"; };
		FC42DA0315AF1799006954EF /* lib3ds_vector.c */ = {isa = PBXFileReference; fileEncoding = 4; lastKnownFileType = sourcecode.c.c; path = lib3ds_vector.c; sourceTree = "<group>"; };
		FC42DA0415AF1799006954EF /* lib3ds_viewport.c */ = {isa = PBXFileReference; fileEncoding = 4; lastKnownFileType = sourcecode.c.c; path = lib3ds_viewport.c; sourceTree = "<group>"; };
		FC42DA0515AF1799006954EF /* Makefile.am */ = {isa = PBXFileReference; fileEncoding = 4; lastKnownFileType = text; path = Makefile.am; sourceTree = "<group>"; };
		FC42DA0615AF1799006954EF /* Makefile.in */ = {isa = PBXFileReference; fileEncoding = 4; lastKnownFileType = text; path = Makefile.in; sourceTree = "<group>"; };
		FCE7ABD015AF15220057CB87 /* OGModel3DS.h */ = {isa = PBXFileReference; lastKnownFileType = sourcecode.c.h; path = OGModel3DS.h; sourceTree = "<group>"; };
		FCE7ABD215AF15970057CB87 /* OGModel3DS.cpp */ = {isa = PBXFileReference; fileEncoding = 4; lastKnownFileType = sourcecode.cpp.cpp; path = OGModel3DS.cpp; sourceTree = "<group>"; };
		FCEF87C515A71DC8003EE787 /* TXgrass.h */ = {isa = PBXFileReference; fileEncoding = 4; lastKnownFileType = sourcecode.c.h; path = TXgrass.h; sourceTree = "<group>"; };
/* End PBXFileReference section */

/* Begin PBXFrameworksBuildPhase section */
		BDF701F915A470F800C5ED4F /* Frameworks */ = {
			isa = PBXFrameworksBuildPhase;
			buildActionMask = 2147483647;
			files = (
				BDF7020C15A4710D00C5ED4F /* GLUT.framework in Frameworks */,
				BDF7020A15A4710600C5ED4F /* OpenGL.framework in Frameworks */,
			);
			runOnlyForDeploymentPostprocessing = 0;
		};
/* End PBXFrameworksBuildPhase section */

/* Begin PBXGroup section */
		BDF701F115A470F800C5ED4F = {
			isa = PBXGroup;
			children = (
				FC35FAF715ADAD9E0038799D /* OGObj */,
				FCEF87C415A71DC8003EE787 /* texture */,
				BDF7020F15A471FA00C5ED4F /* lib */,
				BDF7020B15A4710D00C5ED4F /* GLUT.framework */,
				BDF7020915A4710600C5ED4F /* OpenGL.framework */,
				BDF701FF15A470F800C5ED4F /* OpenGoLf */,
				BDF701FD15A470F800C5ED4F /* Products */,
			);
			sourceTree = "<group>";
		};
		BDF701FD15A470F800C5ED4F /* Products */ = {
			isa = PBXGroup;
			children = (
				BDF701FC15A470F800C5ED4F /* OpenGoLf */,
			);
			name = Products;
			sourceTree = "<group>";
		};
		BDF701FF15A470F800C5ED4F /* OpenGoLf */ = {
			isa = PBXGroup;
			children = (
				BDF7020015A470F800C5ED4F /* main.cpp */,
				BDF7020215A470F800C5ED4F /* OpenGoLf.1 */,
			);
			path = OpenGoLf;
			sourceTree = "<group>";
		};
		BDF7020F15A471FA00C5ED4F /* lib */ = {
			isa = PBXGroup;
			children = (
				FC42D9ED15AF1799006954EF /* lib3ds */,
				BDF7021015A471FA00C5ED4F /* Vector3d.h */,
			);
			name = lib;
			path = OpenGoLf/lib;
			sourceTree = "<group>";
		};
		FC35FAF715ADAD9E0038799D /* OGObj */ = {
			isa = PBXGroup;
			children = (
				FCE7ABD215AF15970057CB87 /* OGModel3DS.cpp */,
				FC35FAF815ADAD9E0038799D /* OGAmbient.h */,
				FC35FAF915ADAD9E0038799D /* OGBall.cpp */,
				FC35FAFA15ADAD9E0038799D /* OGBall.h */,
				FC35FAFB15ADAD9E0038799D /* OGClub.h */,
				FC35FAFC15ADAD9E0038799D /* OGGlobal.h */,
				FC35FAFD15ADAD9E0038799D /* OGLevel.cpp */,
				FC35FAFE15ADAD9E0038799D /* OGLevel.h */,
				FC35FAFF15ADAD9E0038799D /* OGLight.cpp */,
				FC35FB0015ADAD9E0038799D /* OGLight.h */,
				FC35FB0115ADAD9E0038799D /* OGMaterial.h */,
				FC35FB0215ADAD9E0038799D /* OGObject.h */,
				FC35FB0315ADAD9E0038799D /* OGPov.cpp */,
				FC35FB0415ADAD9E0038799D /* OGPov.h */,
				FC35FB0515ADAD9E0038799D /* OGProjection.cpp */,
				FC35FB0615ADAD9E0038799D /* OGProjection.h */,
				FC35FB0715ADAD9E0038799D /* OGRoom.h */,
				FC35FB0815ADAD9E0038799D /* OGTerrain.cpp */,
				FC35FB0915ADAD9E0038799D /* OGTerrain.h */,
				FC35FB1815ADBD930038799D /* OGPhysic.h */,
				FC35FB1A15ADBFC40038799D /* OGPhysic.cpp */,
				FCE7ABD015AF15220057CB87 /* OGModel3DS.h */,
			);
			name = OGObj;
			path = OpenGoLf/OGObj;
			sourceTree = "<group>";
		};
		FC42D9ED15AF1799006954EF /* lib3ds */ = {
			isa = PBXGroup;
			children = (
				FC42D9EE15AF1799006954EF /* lib3ds.h */,
				FC42D9EF15AF1799006954EF /* lib3ds.rc */,
				FC42D9F015AF1799006954EF /* lib3ds.vcproj */,
				FC42D9F115AF1799006954EF /* lib3ds_atmosphere.c */,
				FC42D9F215AF1799006954EF /* lib3ds_background.c */,
				FC42D9F315AF1799006954EF /* lib3ds_camera.c */,
				FC42D9F415AF1799006954EF /* lib3ds_chunk.c */,
				FC42D9F515AF1799006954EF /* lib3ds_chunktable.c */,
				FC42D9F615AF1799006954EF /* lib3ds_file.c */,
				FC42D9F715AF1799006954EF /* lib3ds_impl.h */,
				FC42D9F815AF1799006954EF /* lib3ds_io.c */,
				FC42D9F915AF1799006954EF /* lib3ds_light.c */,
				FC42D9FA15AF1799006954EF /* lib3ds_material.c */,
				FC42D9FB15AF1799006954EF /* lib3ds_math.c */,
				FC42D9FC15AF1799006954EF /* lib3ds_matrix.c */,
				FC42D9FD15AF1799006954EF /* lib3ds_mesh.c */,
				FC42D9FE15AF1799006954EF /* lib3ds_node.c */,
				FC42D9FF15AF1799006954EF /* lib3ds_quat.c */,
				FC42DA0015AF1799006954EF /* lib3ds_shadow.c */,
				FC42DA0115AF1799006954EF /* lib3ds_track.c */,
				FC42DA0215AF1799006954EF /* lib3ds_util.c */,
				FC42DA0315AF1799006954EF /* lib3ds_vector.c */,
				FC42DA0415AF1799006954EF /* lib3ds_viewport.c */,
				FC42DA0515AF1799006954EF /* Makefile.am */,
				FC42DA0615AF1799006954EF /* Makefile.in */,
			);
			path = lib3ds;
			sourceTree = "<group>";
		};
		FCEF87C415A71DC8003EE787 /* texture */ = {
			isa = PBXGroup;
			children = (
				FCEF87C515A71DC8003EE787 /* TXgrass.h */,
			);
			name = texture;
			path = OpenGoLf/texture;
			sourceTree = "<group>";
		};
/* End PBXGroup section */

/* Begin PBXNativeTarget section */
		BDF701FB15A470F800C5ED4F /* OpenGoLf */ = {
			isa = PBXNativeTarget;
			buildConfigurationList = BDF7020615A470F800C5ED4F /* Build configuration list for PBXNativeTarget "OpenGoLf" */;
			buildPhases = (
				BDF701F815A470F800C5ED4F /* Sources */,
				BDF701F915A470F800C5ED4F /* Frameworks */,
				BDF701FA15A470F800C5ED4F /* CopyFiles */,
			);
			buildRules = (
			);
			dependencies = (
			);
			name = OpenGoLf;
			productName = OpenGoLf;
			productReference = BDF701FC15A470F800C5ED4F /* OpenGoLf */;
			productType = "com.apple.product-type.tool";
		};
/* End PBXNativeTarget section */

/* Begin PBXProject section */
		BDF701F315A470F800C5ED4F /* Project object */ = {
			isa = PBXProject;
			attributes = {
				LastUpgradeCheck = 0430;
			};
			buildConfigurationList = BDF701F615A470F800C5ED4F /* Build configuration list for PBXProject "OpenGoLf" */;
			compatibilityVersion = "Xcode 3.2";
			developmentRegion = English;
			hasScannedForEncodings = 0;
			knownRegions = (
				en,
			);
			mainGroup = BDF701F115A470F800C5ED4F;
			productRefGroup = BDF701FD15A470F800C5ED4F /* Products */;
			projectDirPath = "";
			projectRoot = "";
			targets = (
				BDF701FB15A470F800C5ED4F /* OpenGoLf */,
			);
		};
/* End PBXProject section */

/* Begin PBXSourcesBuildPhase section */
		BDF701F815A470F800C5ED4F /* Sources */ = {
			isa = PBXSourcesBuildPhase;
			buildActionMask = 2147483647;
			files = (
				BDF7020115A470F800C5ED4F /* main.cpp in Sources */,
				FC35FB0A15ADAD9E0038799D /* OGBall.cpp in Sources */,
				FC35FB0B15ADAD9E0038799D /* OGLevel.cpp in Sources */,
				FC35FB0C15ADAD9E0038799D /* OGLight.cpp in Sources */,
				FC35FB0D15ADAD9E0038799D /* OGPov.cpp in Sources */,
				FC35FB0E15ADAD9E0038799D /* OGProjection.cpp in Sources */,
				FC35FB0F15ADAD9E0038799D /* OGTerrain.cpp in Sources */,
				FC35FB1B15ADBFC40038799D /* OGPhysic.cpp in Sources */,
				FCE7ABD315AF15970057CB87 /* OGModel3DS.cpp in Sources */,
				FC42DA0715AF1799006954EF /* lib3ds_atmosphere.c in Sources */,
				FC42DA0815AF1799006954EF /* lib3ds_background.c in Sources */,
				FC42DA0915AF1799006954EF /* lib3ds_camera.c in Sources */,
				FC42DA0A15AF1799006954EF /* lib3ds_chunk.c in Sources */,
				FC42DA0B15AF1799006954EF /* lib3ds_chunktable.c in Sources */,
				FC42DA0C15AF1799006954EF /* lib3ds_file.c in Sources */,
				FC42DA0D15AF1799006954EF /* lib3ds_io.c in Sources */,
				FC42DA0E15AF1799006954EF /* lib3ds_light.c in Sources */,
				FC42DA0F15AF1799006954EF /* lib3ds_material.c in Sources */,
				FC42DA1015AF1799006954EF /* lib3ds_math.c in Sources */,
				FC42DA1115AF1799006954EF /* lib3ds_matrix.c in Sources */,
				FC42DA1215AF1799006954EF /* lib3ds_mesh.c in Sources */,
				FC42DA1315AF1799006954EF /* lib3ds_node.c in Sources */,
				FC42DA1415AF1799006954EF /* lib3ds_quat.c in Sources */,
				FC42DA1515AF1799006954EF /* lib3ds_shadow.c in Sources */,
				FC42DA1615AF1799006954EF /* lib3ds_track.c in Sources */,
				FC42DA1715AF1799006954EF /* lib3ds_util.c in Sources */,
				FC42DA1815AF1799006954EF /* lib3ds_vector.c in Sources */,
				FC42DA1915AF1799006954EF /* lib3ds_viewport.c in Sources */,
			);
			runOnlyForDeploymentPostprocessing = 0;
		};
/* End PBXSourcesBuildPhase section */

/* Begin XCBuildConfiguration section */
		BDF7020415A470F800C5ED4F /* Debug */ = {
			isa = XCBuildConfiguration;
			buildSettings = {
				ALWAYS_SEARCH_USER_PATHS = NO;
				ARCHS = "$(ARCHS_STANDARD_64_BIT)";
				CLANG_ENABLE_OBJC_ARC = YES;
				COPY_PHASE_STRIP = NO;
				GCC_C_LANGUAGE_STANDARD = gnu99;
				GCC_DYNAMIC_NO_PIC = NO;
				GCC_ENABLE_OBJC_EXCEPTIONS = YES;
				GCC_OPTIMIZATION_LEVEL = 0;
				GCC_PREPROCESSOR_DEFINITIONS = (
					"DEBUG=1",
					"$(inherited)",
				);
				GCC_SYMBOLS_PRIVATE_EXTERN = NO;
				GCC_VERSION = com.apple.compilers.llvm.clang.1_0;
				GCC_WARN_64_TO_32_BIT_CONVERSION = YES;
				GCC_WARN_ABOUT_RETURN_TYPE = YES;
				GCC_WARN_UNINITIALIZED_AUTOS = YES;
				GCC_WARN_UNUSED_VARIABLE = YES;
				MACOSX_DEPLOYMENT_TARGET = 10.7;
				ONLY_ACTIVE_ARCH = YES;
				SDKROOT = macosx;
			};
			name = Debug;
		};
		BDF7020515A470F800C5ED4F /* Release */ = {
			isa = XCBuildConfiguration;
			buildSettings = {
				ALWAYS_SEARCH_USER_PATHS = NO;
				ARCHS = "$(ARCHS_STANDARD_64_BIT)";
				CLANG_ENABLE_OBJC_ARC = YES;
				COPY_PHASE_STRIP = YES;
				DEBUG_INFORMATION_FORMAT = "dwarf-with-dsym";
				GCC_C_LANGUAGE_STANDARD = gnu99;
				GCC_ENABLE_OBJC_EXCEPTIONS = YES;
				GCC_VERSION = com.apple.compilers.llvm.clang.1_0;
				GCC_WARN_64_TO_32_BIT_CONVERSION = YES;
				GCC_WARN_ABOUT_RETURN_TYPE = YES;
				GCC_WARN_UNINITIALIZED_AUTOS = YES;
				GCC_WARN_UNUSED_VARIABLE = YES;
				MACOSX_DEPLOYMENT_TARGET = 10.7;
				SDKROOT = macosx;
			};
			name = Release;
		};
		BDF7020715A470F800C5ED4F /* Debug */ = {
			isa = XCBuildConfiguration;
			buildSettings = {
				PRODUCT_NAME = "$(TARGET_NAME)";
			};
			name = Debug;
		};
		BDF7020815A470F800C5ED4F /* Release */ = {
			isa = XCBuildConfiguration;
			buildSettings = {
				PRODUCT_NAME = "$(TARGET_NAME)";
			};
			name = Release;
		};
/* End XCBuildConfiguration section */

/* Begin XCConfigurationList section */
		BDF701F615A470F800C5ED4F /* Build configuration list for PBXProject "OpenGoLf" */ = {
			isa = XCConfigurationList;
			buildConfigurations = (
				BDF7020415A470F800C5ED4F /* Debug */,
				BDF7020515A470F800C5ED4F /* Release */,
			);
			defaultConfigurationIsVisible = 0;
			defaultConfigurationName = Release;
		};
		BDF7020615A470F800C5ED4F /* Build configuration list for PBXNativeTarget "OpenGoLf" */ = {
			isa = XCConfigurationList;
			buildConfigurations = (
				BDF7020715A470F800C5ED4F /* Debug */,
				BDF7020815A470F800C5ED4F /* Release */,
			);
			defaultConfigurationIsVisible = 0;
			defaultConfigurationName = Release;
		};
/* End XCConfigurationList section */
	};
	rootObject = BDF701F315A470F800C5ED4F /* Project object */;
}
