// !$*UTF8*$!
{
	archiveVersion = 1;
	classes = {
	};
	objectVersion = 46;
	objects = {

/* Begin PBXBuildFile section */
		BDF7020115A470F800C5ED4F /* main.cpp in Sources */ = {isa = PBXBuildFile; fileRef = BDF7020015A470F800C5ED4F /* main.cpp */; };
		BDF7020315A470F800C5ED4F /* OpenGoLf.1 in CopyFiles */ = {isa = PBXBuildFile; fileRef = BDF7020215A470F800C5ED4F /* OpenGoLf.1 */; };
		BDF7020A15A4710600C5ED4F /* OpenGL.framework in Frameworks */ = {isa = PBXBuildFile; fileRef = BDF7020915A4710600C5ED4F /* OpenGL.framework */; };
		BDF7020C15A4710D00C5ED4F /* GLUT.framework in Frameworks */ = {isa = PBXBuildFile; fileRef = BDF7020B15A4710D00C5ED4F /* GLUT.framework */; };
		BDF7021C15A480AF00C5ED4F /* OGTerrain.cpp in Sources */ = {isa = PBXBuildFile; fileRef = BDF7021B15A480AF00C5ED4F /* OGTerrain.cpp */; };
		BDF7022015A4A75F00C5ED4F /* OGLevel.cpp in Sources */ = {isa = PBXBuildFile; fileRef = BDF7021F15A4A75F00C5ED4F /* OGLevel.cpp */; };
		FCAD41B915A5F60000600336 /* OGPov.cpp in Sources */ = {isa = PBXBuildFile; fileRef = FCAD41B815A5F60000600336 /* OGPov.cpp */; };
		FCD877DC15AB3019003B4267 /* OGProjection.cpp in Sources */ = {isa = PBXBuildFile; fileRef = FCD877DB15AB3018003B4267 /* OGProjection.cpp */; };
		FCEF87BC15A709FC003EE787 /* OGLight.cpp in Sources */ = {isa = PBXBuildFile; fileRef = FCEF87BB15A709FC003EE787 /* OGLight.cpp */; };
/* End PBXBuildFile section */

/* Begin PBXCopyFilesBuildPhase section */
		BDF701FA15A470F800C5ED4F /* CopyFiles */ = {
			isa = PBXCopyFilesBuildPhase;
			buildActionMask = 2147483647;
			dstPath = /usr/share/man/man1/;
			dstSubfolderSpec = 0;
			files = (
				BDF7020315A470F800C5ED4F /* OpenGoLf.1 in CopyFiles */,
			);
			runOnlyForDeploymentPostprocessing = 1;
		};
/* End PBXCopyFilesBuildPhase section */

/* Begin PBXFileReference section */
		BDF701FC15A470F800C5ED4F /* OpenGoLf */ = {isa = PBXFileReference; explicitFileType = "compiled.mach-o.executable"; includeInIndex = 0; path = OpenGoLf; sourceTree = BUILT_PRODUCTS_DIR; };
		BDF7020015A470F800C5ED4F /* main.cpp */ = {isa = PBXFileReference; lastKnownFileType = sourcecode.cpp.cpp; path = main.cpp; sourceTree = "<group>"; };
		BDF7020215A470F800C5ED4F /* OpenGoLf.1 */ = {isa = PBXFileReference; lastKnownFileType = text.man; path = OpenGoLf.1; sourceTree = "<group>"; };
		BDF7020915A4710600C5ED4F /* OpenGL.framework */ = {isa = PBXFileReference; lastKnownFileType = wrapper.framework; name = OpenGL.framework; path = System/Library/Frameworks/OpenGL.framework; sourceTree = SDKROOT; };
		BDF7020B15A4710D00C5ED4F /* GLUT.framework */ = {isa = PBXFileReference; lastKnownFileType = wrapper.framework; name = GLUT.framework; path = System/Library/Frameworks/GLUT.framework; sourceTree = SDKROOT; };
		BDF7021015A471FA00C5ED4F /* Vector3d.h */ = {isa = PBXFileReference; fileEncoding = 4; lastKnownFileType = sourcecode.c.h; path = Vector3d.h; sourceTree = "<group>"; };
		BDF7021415A473E200C5ED4F /* OGAmbient.h */ = {isa = PBXFileReference; lastKnownFileType = sourcecode.c.h; path = OGAmbient.h; sourceTree = "<group>"; };
		BDF7021515A473FC00C5ED4F /* OGRoom.h */ = {isa = PBXFileReference; lastKnownFileType = sourcecode.c.h; path = OGRoom.h; sourceTree = "<group>"; };
		BDF7021615A4745200C5ED4F /* OGLevel.h */ = {isa = PBXFileReference; lastKnownFileType = sourcecode.c.h; path = OGLevel.h; sourceTree = "<group>"; };
		BDF7021715A4761800C5ED4F /* OGPov.h */ = {isa = PBXFileReference; lastKnownFileType = sourcecode.c.h; path = OGPov.h; sourceTree = "<group>"; };
		BDF7021815A47A1400C5ED4F /* OGBall.h */ = {isa = PBXFileReference; lastKnownFileType = sourcecode.c.h; path = OGBall.h; sourceTree = "<group>"; };
		BDF7021915A47BEB00C5ED4F /* OGClub.h */ = {isa = PBXFileReference; lastKnownFileType = sourcecode.c.h; path = OGClub.h; sourceTree = "<group>"; };
		BDF7021A15A47D1600C5ED4F /* OGTerrain.h */ = {isa = PBXFileReference; lastKnownFileType = sourcecode.c.h; path = OGTerrain.h; sourceTree = "<group>"; };
		BDF7021B15A480AF00C5ED4F /* OGTerrain.cpp */ = {isa = PBXFileReference; fileEncoding = 4; lastKnownFileType = sourcecode.cpp.cpp; path = OGTerrain.cpp; sourceTree = "<group>"; };
		BDF7021F15A4A75F00C5ED4F /* OGLevel.cpp */ = {isa = PBXFileReference; fileEncoding = 4; lastKnownFileType = sourcecode.cpp.cpp; path = OGLevel.cpp; sourceTree = "<group>"; };
		FCAD41B815A5F60000600336 /* OGPov.cpp */ = {isa = PBXFileReference; fileEncoding = 4; lastKnownFileType = sourcecode.cpp.cpp; path = OGPov.cpp; sourceTree = "<group>"; };
		FCD877D915AB2AB0003B4267 /* OGGlobal.h */ = {isa = PBXFileReference; fileEncoding = 4; lastKnownFileType = sourcecode.c.h; path = OGGlobal.h; sourceTree = "<group>"; };
		FCD877DA15AB2F2C003B4267 /* OGProjection.h */ = {isa = PBXFileReference; fileEncoding = 4; lastKnownFileType = sourcecode.c.h; path = OGProjection.h; sourceTree = "<group>"; };
		FCD877DB15AB3018003B4267 /* OGProjection.cpp */ = {isa = PBXFileReference; fileEncoding = 4; lastKnownFileType = sourcecode.cpp.cpp; path = OGProjection.cpp; sourceTree = "<group>"; };
		FCEF87BA15A70812003EE787 /* OGLight.h */ = {isa = PBXFileReference; lastKnownFileType = sourcecode.c.h; path = OGLight.h; sourceTree = "<group>"; };
		FCEF87BB15A709FC003EE787 /* OGLight.cpp */ = {isa = PBXFileReference; fileEncoding = 4; lastKnownFileType = sourcecode.cpp.cpp; path = OGLight.cpp; sourceTree = "<group>"; };
		FCEF87BD15A70D68003EE787 /* OGObject.h */ = {isa = PBXFileReference; lastKnownFileType = sourcecode.c.h; path = OGObject.h; sourceTree = "<group>"; };
		FCEF87BE15A713D2003EE787 /* OGMaterial.h */ = {isa = PBXFileReference; lastKnownFileType = sourcecode.c.h; path = OGMaterial.h; sourceTree = "<group>"; };
		FCEF87C515A71DC8003EE787 /* TXgrass.h */ = {isa = PBXFileReference; fileEncoding = 4; lastKnownFileType = sourcecode.c.h; path = TXgrass.h; sourceTree = "<group>"; };
/* End PBXFileReference section */

/* Begin PBXFrameworksBuildPhase section */
		BDF701F915A470F800C5ED4F /* Frameworks */ = {
			isa = PBXFrameworksBuildPhase;
			buildActionMask = 2147483647;
			files = (
				BDF7020C15A4710D00C5ED4F /* GLUT.framework in Frameworks */,
				BDF7020A15A4710600C5ED4F /* OpenGL.framework in Frameworks */,
			);
			runOnlyForDeploymentPostprocessing = 0;
		};
/* End PBXFrameworksBuildPhase section */

/* Begin PBXGroup section */
		BDF701F115A470F800C5ED4F = {
			isa = PBXGroup;
			children = (
				FCEF87C415A71DC8003EE787 /* texture */,
				BDF7021315A473D200C5ED4F /* obj */,
				BDF7020F15A471FA00C5ED4F /* lib */,
				BDF7020B15A4710D00C5ED4F /* GLUT.framework */,
				BDF7020915A4710600C5ED4F /* OpenGL.framework */,
				BDF701FF15A470F800C5ED4F /* OpenGoLf */,
				BDF701FD15A470F800C5ED4F /* Products */,
			);
			sourceTree = "<group>";
		};
		BDF701FD15A470F800C5ED4F /* Products */ = {
			isa = PBXGroup;
			children = (
				BDF701FC15A470F800C5ED4F /* OpenGoLf */,
			);
			name = Products;
			sourceTree = "<group>";
		};
		BDF701FF15A470F800C5ED4F /* OpenGoLf */ = {
			isa = PBXGroup;
			children = (
				BDF7020015A470F800C5ED4F /* main.cpp */,
				BDF7020215A470F800C5ED4F /* OpenGoLf.1 */,
			);
			path = OpenGoLf;
			sourceTree = "<group>";
		};
		BDF7020F15A471FA00C5ED4F /* lib */ = {
			isa = PBXGroup;
			children = (
				BDF7021015A471FA00C5ED4F /* Vector3d.h */,
			);
			name = lib;
			path = OpenGoLf/lib;
			sourceTree = "<group>";
		};
		BDF7021315A473D200C5ED4F /* obj */ = {
			isa = PBXGroup;
			children = (
				FCAD41B815A5F60000600336 /* OGPov.cpp */,
				BDF7021F15A4A75F00C5ED4F /* OGLevel.cpp */,
				BDF7021415A473E200C5ED4F /* OGAmbient.h */,
				BDF7021515A473FC00C5ED4F /* OGRoom.h */,
				BDF7021615A4745200C5ED4F /* OGLevel.h */,
				BDF7021715A4761800C5ED4F /* OGPov.h */,
				BDF7021815A47A1400C5ED4F /* OGBall.h */,
				BDF7021915A47BEB00C5ED4F /* OGClub.h */,
				BDF7021A15A47D1600C5ED4F /* OGTerrain.h */,
				BDF7021B15A480AF00C5ED4F /* OGTerrain.cpp */,
				FCEF87BA15A70812003EE787 /* OGLight.h */,
				FCEF87BB15A709FC003EE787 /* OGLight.cpp */,
				FCEF87BD15A70D68003EE787 /* OGObject.h */,
				FCEF87BE15A713D2003EE787 /* OGMaterial.h */,
				FCD877D915AB2AB0003B4267 /* OGGlobal.h */,
				FCD877DA15AB2F2C003B4267 /* OGProjection.h */,
				FCD877DB15AB3018003B4267 /* OGProjection.cpp */,
			);
			name = obj;
			path = OpenGoLf/obj;
			sourceTree = "<group>";
		};
		FCEF87C415A71DC8003EE787 /* texture */ = {
			isa = PBXGroup;
			children = (
				FCEF87C515A71DC8003EE787 /* TXgrass.h */,
			);
			name = texture;
			path = OpenGoLf/texture;
			sourceTree = "<group>";
		};
/* End PBXGroup section */

/* Begin PBXNativeTarget section */
		BDF701FB15A470F800C5ED4F /* OpenGoLf */ = {
			isa = PBXNativeTarget;
			buildConfigurationList = BDF7020615A470F800C5ED4F /* Build configuration list for PBXNativeTarget "OpenGoLf" */;
			buildPhases = (
				BDF701F815A470F800C5ED4F /* Sources */,
				BDF701F915A470F800C5ED4F /* Frameworks */,
				BDF701FA15A470F800C5ED4F /* CopyFiles */,
			);
			buildRules = (
			);
			dependencies = (
			);
			name = OpenGoLf;
			productName = OpenGoLf;
			productReference = BDF701FC15A470F800C5ED4F /* OpenGoLf */;
			productType = "com.apple.product-type.tool";
		};
/* End PBXNativeTarget section */

/* Begin PBXProject section */
		BDF701F315A470F800C5ED4F /* Project object */ = {
			isa = PBXProject;
			attributes = {
				LastUpgradeCheck = 0430;
			};
			buildConfigurationList = BDF701F615A470F800C5ED4F /* Build configuration list for PBXProject "OpenGoLf" */;
			compatibilityVersion = "Xcode 3.2";
			developmentRegion = English;
			hasScannedForEncodings = 0;
			knownRegions = (
				en,
			);
			mainGroup = BDF701F115A470F800C5ED4F;
			productRefGroup = BDF701FD15A470F800C5ED4F /* Products */;
			projectDirPath = "";
			projectRoot = "";
			targets = (
				BDF701FB15A470F800C5ED4F /* OpenGoLf */,
			);
		};
/* End PBXProject section */

/* Begin PBXSourcesBuildPhase section */
		BDF701F815A470F800C5ED4F /* Sources */ = {
			isa = PBXSourcesBuildPhase;
			buildActionMask = 2147483647;
			files = (
				BDF7020115A470F800C5ED4F /* main.cpp in Sources */,
				BDF7021C15A480AF00C5ED4F /* OGTerrain.cpp in Sources */,
				BDF7022015A4A75F00C5ED4F /* OGLevel.cpp in Sources */,
				FCAD41B915A5F60000600336 /* OGPov.cpp in Sources */,
				FCEF87BC15A709FC003EE787 /* OGLight.cpp in Sources */,
				FCD877DC15AB3019003B4267 /* OGProjection.cpp in Sources */,
			);
			runOnlyForDeploymentPostprocessing = 0;
		};
/* End PBXSourcesBuildPhase section */

/* Begin XCBuildConfiguration section */
		BDF7020415A470F800C5ED4F /* Debug */ = {
			isa = XCBuildConfiguration;
			buildSettings = {
				ALWAYS_SEARCH_USER_PATHS = NO;
				ARCHS = "$(ARCHS_STANDARD_64_BIT)";
				CLANG_ENABLE_OBJC_ARC = YES;
				COPY_PHASE_STRIP = NO;
				GCC_C_LANGUAGE_STANDARD = gnu99;
				GCC_DYNAMIC_NO_PIC = NO;
				GCC_ENABLE_OBJC_EXCEPTIONS = YES;
				GCC_OPTIMIZATION_LEVEL = 0;
				GCC_PREPROCESSOR_DEFINITIONS = (
					"DEBUG=1",
					"$(inherited)",
				);
				GCC_SYMBOLS_PRIVATE_EXTERN = NO;
				GCC_VERSION = com.apple.compilers.llvm.clang.1_0;
				GCC_WARN_64_TO_32_BIT_CONVERSION = YES;
				GCC_WARN_ABOUT_RETURN_TYPE = YES;
				GCC_WARN_UNINITIALIZED_AUTOS = YES;
				GCC_WARN_UNUSED_VARIABLE = YES;
				MACOSX_DEPLOYMENT_TARGET = 10.7;
				ONLY_ACTIVE_ARCH = YES;
				SDKROOT = macosx;
			};
			name = Debug;
		};
		BDF7020515A470F800C5ED4F /* Release */ = {
			isa = XCBuildConfiguration;
			buildSettings = {
				ALWAYS_SEARCH_USER_PATHS = NO;
				ARCHS = "$(ARCHS_STANDARD_64_BIT)";
				CLANG_ENABLE_OBJC_ARC = YES;
				COPY_PHASE_STRIP = YES;
				DEBUG_INFORMATION_FORMAT = "dwarf-with-dsym";
				GCC_C_LANGUAGE_STANDARD = gnu99;
				GCC_ENABLE_OBJC_EXCEPTIONS = YES;
				GCC_VERSION = com.apple.compilers.llvm.clang.1_0;
				GCC_WARN_64_TO_32_BIT_CONVERSION = YES;
				GCC_WARN_ABOUT_RETURN_TYPE = YES;
				GCC_WARN_UNINITIALIZED_AUTOS = YES;
				GCC_WARN_UNUSED_VARIABLE = YES;
				MACOSX_DEPLOYMENT_TARGET = 10.7;
				SDKROOT = macosx;
			};
			name = Release;
		};
		BDF7020715A470F800C5ED4F /* Debug */ = {
			isa = XCBuildConfiguration;
			buildSettings = {
				PRODUCT_NAME = "$(TARGET_NAME)";
			};
			name = Debug;
		};
		BDF7020815A470F800C5ED4F /* Release */ = {
			isa = XCBuildConfiguration;
			buildSettings = {
				PRODUCT_NAME = "$(TARGET_NAME)";
			};
			name = Release;
		};
/* End XCBuildConfiguration section */

/* Begin XCConfigurationList section */
		BDF701F615A470F800C5ED4F /* Build configuration list for PBXProject "OpenGoLf" */ = {
			isa = XCConfigurationList;
			buildConfigurations = (
				BDF7020415A470F800C5ED4F /* Debug */,
				BDF7020515A470F800C5ED4F /* Release */,
			);
			defaultConfigurationIsVisible = 0;
			defaultConfigurationName = Release;
		};
		BDF7020615A470F800C5ED4F /* Build configuration list for PBXNativeTarget "OpenGoLf" */ = {
			isa = XCConfigurationList;
			buildConfigurations = (
				BDF7020715A470F800C5ED4F /* Debug */,
				BDF7020815A470F800C5ED4F /* Release */,
			);
			defaultConfigurationIsVisible = 0;
			defaultConfigurationName = Release;
		};
/* End XCConfigurationList section */
	};
	rootObject = BDF701F315A470F800C5ED4F /* Project object */;
}
